// !$*UTF8*$!
{
archiveVersion = 1;
classes = {};
objectVersion = 56;
objects = {

/* Begin PBXBuildFile section */
4E4F01D32B4B5A4600F6A0C1 /* MeetingAlertApp.swift in Sources */ = {isa = PBXBuildFile; fileRef = 4E4F01C32B4B5A4600F6A0C1 /* MeetingAlertApp.swift */; };
4E4F01D42B4B5A4600F6A0C1 /* ContentView.swift in Sources */ = {isa = PBXBuildFile; fileRef = 4E4F01C42B4B5A4600F6A0C1 /* ContentView.swift */; };
4E4F01D52B4B5A4600F6A0C1 /* MeetingStore.swift in Sources */ = {isa = PBXBuildFile; fileRef = 4E4F01C52B4B5A4600F6A0C1 /* MeetingStore.swift */; };
4E4F01D62B4B5A4600F6A0C1 /* Meeting.swift in Sources */ = {isa = PBXBuildFile; fileRef = 4E4F01C62B4B5A4600F6A0C1 /* Meeting.swift */; };
4E4F01D72B4B5A4600F6A0C1 /* Date+Formatting.swift in Sources */ = {isa = PBXBuildFile; fileRef = 4E4F01C72B4B5A4600F6A0C1 /* Date+Formatting.swift */; };
4E4F01D82B4B5A4600F6A0C1 /* Assets.xcassets in Resources */ = {isa = PBXBuildFile; fileRef = 4E4F01C82B4B5A4600F6A0C1 /* Assets.xcassets */; };
4E4F01D92B4B5A4600F6A0C1 /* Preview Assets.xcassets in Resources */ = {isa = PBXBuildFile; fileRef = 4E4F01C92B4B5A4600F6A0C1 /* Preview Assets.xcassets */; };
/* End PBXBuildFile section */

/* Begin PBXFileReference section */
4E4F01B62B4B5A4600F6A0C1 /* MeetingAlert.app */ = {isa = PBXFileReference; explicitFileType = wrapper.application; includeInIndex = 0; path = MeetingAlert.app; sourceTree = BUILT_PRODUCTS_DIR; };
4E4F01C32B4B5A4600F6A0C1 /* MeetingAlertApp.swift */ = {isa = PBXFileReference; lastKnownFileType = sourcecode.swift; path = MeetingAlertApp.swift; sourceTree = "<group>"; };
4E4F01C42B4B5A4600F6A0C1 /* ContentView.swift */ = {isa = PBXFileReference; lastKnownFileType = sourcecode.swift; path = ContentView.swift; sourceTree = "<group>"; };
4E4F01C52B4B5A4600F6A0C1 /* MeetingStore.swift */ = {isa = PBXFileReference; lastKnownFileType = sourcecode.swift; path = MeetingStore.swift; sourceTree = "<group>"; };
4E4F01C62B4B5A4600F6A0C1 /* Meeting.swift */ = {isa = PBXFileReference; lastKnownFileType = sourcecode.swift; path = Meeting.swift; sourceTree = "<group>"; };
4E4F01C72B4B5A4600F6A0C1 /* Date+Formatting.swift */ = {isa = PBXFileReference; lastKnownFileType = sourcecode.swift; path = "Date+Formatting.swift"; sourceTree = "<group>"; };
4E4F01C82B4B5A4600F6A0C1 /* Assets.xcassets */ = {isa = PBXFileReference; lastKnownFileType = folder.assetcatalog; path = Assets.xcassets; sourceTree = "<group>"; };
4E4F01C92B4B5A4600F6A0C1 /* Preview Assets.xcassets */ = {isa = PBXFileReference; lastKnownFileType = folder.assetcatalog; path = "Preview Assets.xcassets"; sourceTree = "<group>"; };
4E4F01CA2B4B5A4600F6A0C1 /* Info.plist */ = {isa = PBXFileReference; lastKnownFileType = text.plist.xml; path = Info.plist; sourceTree = "<group>"; };
/* End PBXFileReference section */

/* Begin PBXFrameworksBuildPhase section */
4E4F01D02B4B5A4600F6A0C1 /* Frameworks */ = {isa = PBXFrameworksBuildPhase; buildActionMask = 2147483647; files = ( ); runOnlyForDeploymentPostprocessing = 0; };
/* End PBXFrameworksBuildPhase section */

/* Begin PBXGroup section */
4E4F01B02B4B5A4600F6A0C1 = {isa = PBXGroup; children = (
4E4F01C22B4B5A4600F6A0C1 /* MeetingAlert */,
4E4F01B72B4B5A4600F6A0C1 /* Products */,
); sourceTree = "<group>"; };
4E4F01B72B4B5A4600F6A0C1 /* Products */ = {isa = PBXGroup; children = (
4E4F01B62B4B5A4600F6A0C1 /* MeetingAlert.app */,
); name = Products; sourceTree = "<group>"; };
4E4F01C22B4B5A4600F6A0C1 /* MeetingAlert */ = {isa = PBXGroup; children = (
4E4F01C32B4B5A4600F6A0C1 /* MeetingAlertApp.swift */,
4E4F01C42B4B5A4600F6A0C1 /* ContentView.swift */,
4E4F01C52B4B5A4600F6A0C1 /* MeetingStore.swift */,
4E4F01C62B4B5A4600F6A0C1 /* Meeting.swift */,
4E4F01C72B4B5A4600F6A0C1 /* Date+Formatting.swift */,
4E4F01C82B4B5A4600F6A0C1 /* Assets.xcassets */,
4E4F01C92B4B5A4600F6A0C1 /* Preview Assets.xcassets */,
4E4F01CA2B4B5A4600F6A0C1 /* Info.plist */,
); path = MeetingAlert; sourceTree = "<group>"; };
/* End PBXGroup section */

/* Begin PBXNativeTarget section */
4E4F01CD2B4B5A4600F6A0C1 /* MeetingAlert */ = {isa = PBXNativeTarget; buildConfigurationList = 4E4F01D22B4B5A4600F6A0C1 /* Build configuration list for PBXNativeTarget "MeetingAlert" */; buildPhases = (
4E4F01CF2B4B5A4600F6A0C1 /* Sources */,
4E4F01D02B4B5A4600F6A0C1 /* Frameworks */,
4E4F01D12B4B5A4600F6A0C1 /* Resources */,
); buildRules = ( ); dependencies = ( ); name = MeetingAlert; productName = MeetingAlert; productReference = 4E4F01B62B4B5A4600F6A0C1 /* MeetingAlert.app */; productType = "com.apple.product-type.application"; };
/* End PBXNativeTarget section */

/* Begin PBXProject section */
4E4F01B12B4B5A4600F6A0C1 /* Project object */ = {isa = PBXProject; attributes = {LastSwiftUpdateCheck = 1500; LastUpgradeCheck = 1500; TargetAttributes = {4E4F01CD2B4B5A4600F6A0C1 = {CreatedOnToolsVersion = 15.0; }; }; }; buildConfigurationList = 4E4F01B42B4B5A4600F6A0C1 /* Build configuration list for PBXProject "MeetingAlert" */; compatibilityVersion = "Xcode 14.0"; developmentRegion = en; hasScannedForEncodings = 0; knownRegions = (en, Base, ); mainGroup = 4E4F01B02B4B5A4600F6A0C1; productRefGroup = 4E4F01B72B4B5A4600F6A0C1 /* Products */; projectDirPath = ""; projectRoot = ""; targets = (
4E4F01CD2B4B5A4600F6A0C1 /* MeetingAlert */,
); };
/* End PBXProject section */

/* Begin PBXResourcesBuildPhase section */
4E4F01D12B4B5A4600F6A0C1 /* Resources */ = {isa = PBXResourcesBuildPhase; buildActionMask = 2147483647; files = (
4E4F01D82B4B5A4600F6A0C1 /* Assets.xcassets in Resources */,
4E4F01D92B4B5A4600F6A0C1 /* Preview Assets.xcassets in Resources */,
); runOnlyForDeploymentPostprocessing = 0; };
/* End PBXResourcesBuildPhase section */

/* Begin PBXSourcesBuildPhase section */
4E4F01CF2B4B5A4600F6A0C1 /* Sources */ = {isa = PBXSourcesBuildPhase; buildActionMask = 2147483647; files = (
4E4F01D32B4B5A4600F6A0C1 /* MeetingAlertApp.swift in Sources */,
4E4F01D42B4B5A4600F6A0C1 /* ContentView.swift in Sources */,
4E4F01D52B4B5A4600F6A0C1 /* MeetingStore.swift in Sources */,
4E4F01D62B4B5A4600F6A0C1 /* Meeting.swift in Sources */,
4E4F01D72B4B5A4600F6A0C1 /* Date+Formatting.swift in Sources */,
); runOnlyForDeploymentPostprocessing = 0; };
/* End PBXSourcesBuildPhase section */

/* Begin XCBuildConfiguration section */
4E4F01B82B4B5A4600F6A0C1 /* Debug */ = {isa = XCBuildConfiguration; buildSettings = {ALWAYS_SEARCH_USER_PATHS = NO; CLANG_ANALYZER_LOCALIZABILITY_NONLOCALIZED = YES; CLANG_ANALYZER_NONNULL = YES; CLANG_CXX_LANGUAGE_STANDARD = "gnu++20"; CLANG_ENABLE_MODULES = YES; CLANG_ENABLE_OBJC_ARC = YES; CLANG_WARN_BLOCK_CAPTURE_AUTORELEASING = YES; CLANG_WARN_BOOL_CONVERSION = YES; CLANG_WARN_COMMA = YES; CLANG_WARN_CONSTANT_CONVERSION = YES; CLANG_WARN_DEPRECATED_OBJC_IMPLEMENTATIONS = YES; CLANG_WARN_DIRECT_OBJC_ISA_USAGE = YES_ERROR; CLANG_WARN_DOCUMENTATION_COMMENTS = YES; CLANG_WARN_EMPTY_BODY = YES; CLANG_WARN_ENUM_CONVERSION = YES; CLANG_WARN_INFINITE_RECURSION = YES; CLANG_WARN_INT_CONVERSION = YES; CLANG_WARN_NON_LITERAL_NULL_CONVERSION = YES; CLANG_WARN_OBJC_IMPLICIT_RETAIN_SELF = YES; CLANG_WARN_OBJC_LITERAL_CONVERSION = YES; CLANG_WARN_OBJC_ROOT_CLASS = YES_ERROR; CLANG_WARN_QUOTED_INCLUDE_IN_FRAMEWORK_HEADER = YES; CLANG_WARN_RANGE_LOOP_ANALYSIS = YES; CLANG_WARN_STRICT_PROTOTYPES = YES; CLANG_WARN_SUSPICIOUS_MOVE = YES; CLANG_WARN_UNGUARDED_AVAILABILITY = YES_AGGRESSIVE; CODE_SIGN_IDENTITY = "-"; COPY_PHASE_STRIP = NO; DEBUG_INFORMATION_FORMAT = dwarf; ENABLE_STRICT_OBJC_MSGSEND = YES; ENABLE_TESTABILITY = YES; GCC_C_LANGUAGE_STANDARD = gnu11; GCC_DYNAMIC_NO_PIC = NO; GCC_NO_COMMON_BLOCKS = YES; GCC_OPTIMIZATION_LEVEL = 0; GCC_PREPROCESSOR_DEFINITIONS = ("DEBUG=1", "$(inherited)"); GCC_WARN_64_TO_32_BIT_CONVERSION = YES; GCC_WARN_ABOUT_RETURN_TYPE = YES_ERROR; GCC_WARN_UNDECLARED_SELECTOR = YES; GCC_WARN_UNINITIALIZED_AUTOS = YES_AGGRESSIVE; GCC_WARN_UNUSED_FUNCTION = YES; GCC_WARN_UNUSED_VARIABLE = YES; MACOSX_DEPLOYMENT_TARGET = 13.0; MTL_ENABLE_DEBUG_INFO = INCLUDE_SOURCE; ONLY_ACTIVE_ARCH = YES; SDKROOT = macosx; SWIFT_ACTIVE_COMPILATION_CONDITIONS = DEBUG; SWIFT_OPTIMIZATION_LEVEL = "-Onone"; SWIFT_VERSION = 5.0; }; name = Debug; };
4E4F01B92B4B5A4600F6A0C1 /* Release */ = {isa = XCBuildConfiguration; buildSettings = {ALWAYS_SEARCH_USER_PATHS = NO; CLANG_ANALYZER_LOCALIZABILITY_NONLOCALIZED = YES; CLANG_ANALYZER_NONNULL = YES; CLANG_CXX_LANGUAGE_STANDARD = "gnu++20"; CLANG_ENABLE_MODULES = YES; CLANG_ENABLE_OBJC_ARC = YES; CLANG_WARN_BLOCK_CAPTURE_AUTORELEASING = YES; CLANG_WARN_BOOL_CONVERSION = YES; CLANG_WARN_COMMA = YES; CLANG_WARN_CONSTANT_CONVERSION = YES; CLANG_WARN_DEPRECATED_OBJC_IMPLEMENTATIONS = YES; CLANG_WARN_DIRECT_OBJC_ISA_USAGE = YES_ERROR; CLANG_WARN_DOCUMENTATION_COMMENTS = YES; CLANG_WARN_EMPTY_BODY = YES; CLANG_WARN_ENUM_CONVERSION = YES; CLANG_WARN_INFINITE_RECURSION = YES; CLANG_WARN_INT_CONVERSION = YES; CLANG_WARN_NON_LITERAL_NULL_CONVERSION = YES; CLANG_WARN_OBJC_IMPLICIT_RETAIN_SELF = YES; CLANG_WARN_OBJC_LITERAL_CONVERSION = YES; CLANG_WARN_OBJC_ROOT_CLASS = YES_ERROR; CLANG_WARN_QUOTED_INCLUDE_IN_FRAMEWORK_HEADER = YES; CLANG_WARN_RANGE_LOOP_ANALYSIS = YES; CLANG_WARN_STRICT_PROTOTYPES = YES; CLANG_WARN_SUSPICIOUS_MOVE = YES; CLANG_WARN_UNGUARDED_AVAILABILITY = YES_AGGRESSIVE; CODE_SIGN_IDENTITY = "-"; COPY_PHASE_STRIP = NO; DEBUG_INFORMATION_FORMAT = "dwarf-with-dsym"; ENABLE_NS_ASSERTIONS = NO; ENABLE_STRICT_OBJC_MSGSEND = YES; GCC_C_LANGUAGE_STANDARD = gnu11; GCC_NO_COMMON_BLOCKS = YES; GCC_WARN_64_TO_32_BIT_CONVERSION = YES; GCC_WARN_ABOUT_RETURN_TYPE = YES_ERROR; GCC_WARN_UNDECLARED_SELECTOR = YES; GCC_WARN_UNINITIALIZED_AUTOS = YES_AGGRESSIVE; GCC_WARN_UNUSED_FUNCTION = YES; GCC_WARN_UNUSED_VARIABLE = YES; MACOSX_DEPLOYMENT_TARGET = 13.0; MTL_ENABLE_DEBUG_INFO = NO; SDKROOT = macosx; SWIFT_COMPILATION_MODE = wholemodule; SWIFT_OPTIMIZATION_LEVEL = "-O"; SWIFT_VERSION = 5.0; }; name = Release; };
4E4F01DA2B4B5A4600F6A0C1 /* Debug */ = {isa = XCBuildConfiguration; buildSettings = {ASSETCATALOG_COMPILER_APPICON_NAME = AppIcon; CODE_SIGN_IDENTITY = "-"; CODE_SIGN_STYLE = Automatic; COMBINE_HIDPI_IMAGES = YES; DEVELOPMENT_ASSET_PATHS = "\"MeetingAlert/Preview Content\""; DEVELOPMENT_TEAM = ""; ENABLE_PREVIEWS = YES; GENERATE_INFOPLIST_FILE = NO; INFOPLIST_FILE = MeetingAlert/Info.plist; LD_RUNPATH_SEARCH_PATHS = ("$(inherited)", "@executable_path/../Frameworks"); MACOSX_DEPLOYMENT_TARGET = 13.0; MARKETING_VERSION = 1.0; PRODUCT_BUNDLE_IDENTIFIER = com.example.MeetingAlert; PRODUCT_NAME = "$(TARGET_NAME)"; SWIFT_EMIT_LOC_STRINGS = YES; SWIFT_VERSION = 5.0; SYSTEM_FRAMEWORK_SEARCH_PATHS = "$(inherited)"; }; name = Debug; };
4E4F01DB2B4B5A4600F6A0C1 /* Release */ = {isa = XCBuildConfiguration; buildSettings = {ASSETCATALOG_COMPILER_APPICON_NAME = AppIcon; CODE_SIGN_IDENTITY = "-"; CODE_SIGN_STYLE = Automatic; COMBINE_HIDPI_IMAGES = YES; DEVELOPMENT_ASSET_PATHS = "\"MeetingAlert/Preview Content\""; DEVELOPMENT_TEAM = ""; ENABLE_PREVIEWS = YES; GENERATE_INFOPLIST_FILE = NO; INFOPLIST_FILE = MeetingAlert/Info.plist; LD_RUNPATH_SEARCH_PATHS = ("$(inherited)", "@executable_path/../Frameworks"); MACOSX_DEPLOYMENT_TARGET = 13.0; MARKETING_VERSION = 1.0; PRODUCT_BUNDLE_IDENTIFIER = com.example.MeetingAlert; PRODUCT_NAME = "$(TARGET_NAME)"; SWIFT_EMIT_LOC_STRINGS = YES; SWIFT_VERSION = 5.0; SYSTEM_FRAMEWORK_SEARCH_PATHS = "$(inherited)"; }; name = Release; };
/* End XCBuildConfiguration section */

/* Begin XCConfigurationList section */
4E4F01B42B4B5A4600F6A0C1 /* Build configuration list for PBXProject "MeetingAlert" */ = {isa = XCConfigurationList; buildConfigurations = (
4E4F01B82B4B5A4600F6A0C1 /* Debug */,
4E4F01B92B4B5A4600F6A0C1 /* Release */,
); defaultConfigurationIsVisible = 0; defaultConfigurationName = Release; };
4E4F01D22B4B5A4600F6A0C1 /* Build configuration list for PBXNativeTarget "MeetingAlert" */ = {isa = XCConfigurationList; buildConfigurations = (
4E4F01DA2B4B5A4600F6A0C1 /* Debug */,
4E4F01DB2B4B5A4600F6A0C1 /* Release */,
); defaultConfigurationIsVisible = 0; defaultConfigurationName = Release; };
/* End XCConfigurationList section */

};
rootObject = 4E4F01B12B4B5A4600F6A0C1 /* Project object */;
}
